# THIS IS AN AUTOGENERATED FILE. DO NOT EDIT THIS FILE DIRECTLY.
# yarn lockfile v1


livereload-js@^3.0.0:
  version "3.0.0"
  resolved "https://registry.yarnpkg.com/livereload-js/-/livereload-js-3.0.0.tgz#9e5431385653c58b320607e11a25ea20a6c3afaa"
  integrity sha512-wEfpGMQ84cbL+xKOYbt7vAu5gBzmpplf+UO3gjlwfeH9I2NlnZQgneZFuMY0UjFHB3ybJSUfE4r5sw3wBrCm9w==
